// !$*UTF8*$!
{
	archiveVersion = 1;
	classes = {
	};
	objectVersion = 51;
	objects = {

/* Begin PBXBuildFile section */
		8412B2E22484457100EB3250 /* BarCell.swift in Sources */ = {isa = PBXBuildFile; fileRef = 8412B2E12484457100EB3250 /* BarCell.swift */; };
		8412B2E4248445AD00EB3250 /* BarCellView.xib in Resources */ = {isa = PBXBuildFile; fileRef = 8412B2E3248445AD00EB3250 /* BarCellView.xib */; };
		842D0675248BDFDE00760FBB /* GoogleSignInManager.swift in Sources */ = {isa = PBXBuildFile; fileRef = 842D0674248BDFDE00760FBB /* GoogleSignInManager.swift */; };
		84391817247F19E100E098E7 /* AppDelegate.swift in Sources */ = {isa = PBXBuildFile; fileRef = 84391816247F19E100E098E7 /* AppDelegate.swift */; };
		84391819247F19E100E098E7 /* SceneDelegate.swift in Sources */ = {isa = PBXBuildFile; fileRef = 84391818247F19E100E098E7 /* SceneDelegate.swift */; };
		8439181B247F19E100E098E7 /* ViewController.swift in Sources */ = {isa = PBXBuildFile; fileRef = 8439181A247F19E100E098E7 /* ViewController.swift */; };
		84391820247F19E200E098E7 /* Assets.xcassets in Resources */ = {isa = PBXBuildFile; fileRef = 8439181F247F19E200E098E7 /* Assets.xcassets */; };
		84391823247F19E200E098E7 /* LaunchScreen.storyboard in Resources */ = {isa = PBXBuildFile; fileRef = 84391821247F19E200E098E7 /* LaunchScreen.storyboard */; };
		8439182B247F1A4500E098E7 /* LoginViewController.swift in Sources */ = {isa = PBXBuildFile; fileRef = 8439182A247F1A4500E098E7 /* LoginViewController.swift */; };
		8439182D247F1A6600E098E7 /* LoginView.xib in Resources */ = {isa = PBXBuildFile; fileRef = 8439182C247F1A6600E098E7 /* LoginView.xib */; };
		84C0683E24802393008131FE /* Main.storyboard in Resources */ = {isa = PBXBuildFile; fileRef = 84C0683D24802393008131FE /* Main.storyboard */; };
		84C0684024802658008131FE /* HomeViewController.swift in Sources */ = {isa = PBXBuildFile; fileRef = 84C0683F24802658008131FE /* HomeViewController.swift */; };
		84C0684224802682008131FE /* HomeView.xib in Resources */ = {isa = PBXBuildFile; fileRef = 84C0684124802682008131FE /* HomeView.xib */; };
		84C0684924804E38008131FE /* MainTabController.swift in Sources */ = {isa = PBXBuildFile; fileRef = 84C0684824804E38008131FE /* MainTabController.swift */; };
		84C0684D24805364008131FE /* RewardsViewController.swift in Sources */ = {isa = PBXBuildFile; fileRef = 84C0684C24805364008131FE /* RewardsViewController.swift */; };
		84C0684F24805374008131FE /* BarsViewController.swift in Sources */ = {isa = PBXBuildFile; fileRef = 84C0684E24805374008131FE /* BarsViewController.swift */; };
		84C0685124805387008131FE /* RewardsView.xib in Resources */ = {isa = PBXBuildFile; fileRef = 84C0685024805387008131FE /* RewardsView.xib */; };
		84C068532480539E008131FE /* BarsView.xib in Resources */ = {isa = PBXBuildFile; fileRef = 84C068522480539E008131FE /* BarsView.xib */; };
		84C0685524805899008131FE /* BarDetailsViewController.swift in Sources */ = {isa = PBXBuildFile; fileRef = 84C0685424805899008131FE /* BarDetailsViewController.swift */; };
		84C06857248058C3008131FE /* BarDetailsView.xib in Resources */ = {isa = PBXBuildFile; fileRef = 84C06856248058C3008131FE /* BarDetailsView.xib */; };
		9C89C8A4E358BE4260DB87CA /* Pods_ShishaTime.framework in Frameworks */ = {isa = PBXBuildFile; fileRef = 16E754E8D5B4DF2BC895B126 /* Pods_ShishaTime.framework */; };
/* End PBXBuildFile section */

/* Begin PBXFileReference section */
		16E754E8D5B4DF2BC895B126 /* Pods_ShishaTime.framework */ = {isa = PBXFileReference; explicitFileType = wrapper.framework; includeInIndex = 0; path = Pods_ShishaTime.framework; sourceTree = BUILT_PRODUCTS_DIR; };
		32F8E208F53C97F7CF36DF86 /* Pods-ShishaTime.debug.xcconfig */ = {isa = PBXFileReference; includeInIndex = 1; lastKnownFileType = text.xcconfig; name = "Pods-ShishaTime.debug.xcconfig"; path = "Target Support Files/Pods-ShishaTime/Pods-ShishaTime.debug.xcconfig"; sourceTree = "<group>"; };
		6C5D21D3374127D0D13ED80B /* Pods-ShishaTime.release.xcconfig */ = {isa = PBXFileReference; includeInIndex = 1; lastKnownFileType = text.xcconfig; name = "Pods-ShishaTime.release.xcconfig"; path = "Target Support Files/Pods-ShishaTime/Pods-ShishaTime.release.xcconfig"; sourceTree = "<group>"; };
		8412B2E12484457100EB3250 /* BarCell.swift */ = {isa = PBXFileReference; lastKnownFileType = sourcecode.swift; path = BarCell.swift; sourceTree = "<group>"; };
		8412B2E3248445AD00EB3250 /* BarCellView.xib */ = {isa = PBXFileReference; lastKnownFileType = file.xib; path = BarCellView.xib; sourceTree = "<group>"; };
		842D0674248BDFDE00760FBB /* GoogleSignInManager.swift */ = {isa = PBXFileReference; lastKnownFileType = sourcecode.swift; path = GoogleSignInManager.swift; sourceTree = "<group>"; };
		84391813247F19E100E098E7 /* ShishaTime.app */ = {isa = PBXFileReference; explicitFileType = wrapper.application; includeInIndex = 0; path = ShishaTime.app; sourceTree = BUILT_PRODUCTS_DIR; };
		84391816247F19E100E098E7 /* AppDelegate.swift */ = {isa = PBXFileReference; lastKnownFileType = sourcecode.swift; path = AppDelegate.swift; sourceTree = "<group>"; };
		84391818247F19E100E098E7 /* SceneDelegate.swift */ = {isa = PBXFileReference; lastKnownFileType = sourcecode.swift; path = SceneDelegate.swift; sourceTree = "<group>"; };
		8439181A247F19E100E098E7 /* ViewController.swift */ = {isa = PBXFileReference; lastKnownFileType = sourcecode.swift; path = ViewController.swift; sourceTree = "<group>"; };
		8439181F247F19E200E098E7 /* Assets.xcassets */ = {isa = PBXFileReference; lastKnownFileType = folder.assetcatalog; path = Assets.xcassets; sourceTree = "<group>"; };
		84391822247F19E200E098E7 /* Base */ = {isa = PBXFileReference; lastKnownFileType = file.storyboard; name = Base; path = Base.lproj/LaunchScreen.storyboard; sourceTree = "<group>"; };
		84391824247F19E200E098E7 /* Info.plist */ = {isa = PBXFileReference; lastKnownFileType = text.plist.xml; path = Info.plist; sourceTree = "<group>"; };
		8439182A247F1A4500E098E7 /* LoginViewController.swift */ = {isa = PBXFileReference; lastKnownFileType = sourcecode.swift; path = LoginViewController.swift; sourceTree = "<group>"; };
		8439182C247F1A6600E098E7 /* LoginView.xib */ = {isa = PBXFileReference; lastKnownFileType = file.xib; path = LoginView.xib; sourceTree = "<group>"; };
		84C0683D24802393008131FE /* Main.storyboard */ = {isa = PBXFileReference; lastKnownFileType = file.storyboard; path = Main.storyboard; sourceTree = "<group>"; };
		84C0683F24802658008131FE /* HomeViewController.swift */ = {isa = PBXFileReference; lastKnownFileType = sourcecode.swift; path = HomeViewController.swift; sourceTree = "<group>"; };
		84C0684124802682008131FE /* HomeView.xib */ = {isa = PBXFileReference; lastKnownFileType = file.xib; path = HomeView.xib; sourceTree = "<group>"; };
		84C0684824804E38008131FE /* MainTabController.swift */ = {isa = PBXFileReference; lastKnownFileType = sourcecode.swift; path = MainTabController.swift; sourceTree = "<group>"; };
		84C0684C24805364008131FE /* RewardsViewController.swift */ = {isa = PBXFileReference; lastKnownFileType = sourcecode.swift; path = RewardsViewController.swift; sourceTree = "<group>"; };
		84C0684E24805374008131FE /* BarsViewController.swift */ = {isa = PBXFileReference; lastKnownFileType = sourcecode.swift; path = BarsViewController.swift; sourceTree = "<group>"; };
		84C0685024805387008131FE /* RewardsView.xib */ = {isa = PBXFileReference; lastKnownFileType = file.xib; path = RewardsView.xib; sourceTree = "<group>"; };
		84C068522480539E008131FE /* BarsView.xib */ = {isa = PBXFileReference; lastKnownFileType = file.xib; path = BarsView.xib; sourceTree = "<group>"; };
		84C0685424805899008131FE /* BarDetailsViewController.swift */ = {isa = PBXFileReference; lastKnownFileType = sourcecode.swift; path = BarDetailsViewController.swift; sourceTree = "<group>"; };
		84C06856248058C3008131FE /* BarDetailsView.xib */ = {isa = PBXFileReference; lastKnownFileType = file.xib; path = BarDetailsView.xib; sourceTree = "<group>"; };
/* End PBXFileReference section */

/* Begin PBXFrameworksBuildPhase section */
		84391810247F19E100E098E7 /* Frameworks */ = {
			isa = PBXFrameworksBuildPhase;
			buildActionMask = 2147483647;
			files = (
				9C89C8A4E358BE4260DB87CA /* Pods_ShishaTime.framework in Frameworks */,
			);
			runOnlyForDeploymentPostprocessing = 0;
		};
/* End PBXFrameworksBuildPhase section */

/* Begin PBXGroup section */
		8412B2E02484455700EB3250 /* Bar Cell */ = {
			isa = PBXGroup;
			children = (
				8412B2E12484457100EB3250 /* BarCell.swift */,
				8412B2E3248445AD00EB3250 /* BarCellView.xib */,
			);
			path = "Bar Cell";
			sourceTree = "<group>";
		};
		842D0673248BDFC400760FBB /* Managers */ = {
			isa = PBXGroup;
			children = (
				842D0674248BDFDE00760FBB /* GoogleSignInManager.swift */,
			);
			path = Managers;
			sourceTree = "<group>";
		};
		8439180A247F19E100E098E7 = {
			isa = PBXGroup;
			children = (
				84391815247F19E100E098E7 /* ShishaTime */,
				84391814247F19E100E098E7 /* Products */,
				D04FB013624C387FE48282E4 /* Pods */,
				88C1A3F32BE3AEC65FD2A0F2 /* Frameworks */,
			);
			sourceTree = "<group>";
		};
		84391814247F19E100E098E7 /* Products */ = {
			isa = PBXGroup;
			children = (
				84391813247F19E100E098E7 /* ShishaTime.app */,
			);
			name = Products;
			sourceTree = "<group>";
		};
		84391815247F19E100E098E7 /* ShishaTime */ = {
			isa = PBXGroup;
			children = (
				842D0673248BDFC400760FBB /* Managers */,
				84C0684324804657008131FE /* Scenes */,
				84C0684824804E38008131FE /* MainTabController.swift */,
				84391816247F19E100E098E7 /* AppDelegate.swift */,
				8439181F247F19E200E098E7 /* Assets.xcassets */,
				84391824247F19E200E098E7 /* Info.plist */,
				84C0684524804682008131FE /* Other */,
			);
			path = ShishaTime;
			sourceTree = "<group>";
		};
		84C0684324804657008131FE /* Scenes */ = {
			isa = PBXGroup;
			children = (
				84C068442480465F008131FE /* Initial */,
				84C0684624804699008131FE /* Login */,
				84C06847248046CA008131FE /* Home */,
				84C0684A2480531F008131FE /* Rewards */,
				84C0684B2480532B008131FE /* Bars */,
			);
			path = Scenes;
			sourceTree = "<group>";
		};
		84C068442480465F008131FE /* Initial */ = {
			isa = PBXGroup;
			children = (
				84391821247F19E200E098E7 /* LaunchScreen.storyboard */,
				84C0683D24802393008131FE /* Main.storyboard */,
				8439181A247F19E100E098E7 /* ViewController.swift */,
			);
			path = Initial;
			sourceTree = "<group>";
		};
		84C0684524804682008131FE /* Other */ = {
			isa = PBXGroup;
			children = (
				84391818247F19E100E098E7 /* SceneDelegate.swift */,
			);
			path = Other;
			sourceTree = "<group>";
		};
		84C0684624804699008131FE /* Login */ = {
			isa = PBXGroup;
			children = (
				8439182A247F1A4500E098E7 /* LoginViewController.swift */,
				8439182C247F1A6600E098E7 /* LoginView.xib */,
			);
			path = Login;
			sourceTree = "<group>";
		};
		84C06847248046CA008131FE /* Home */ = {
			isa = PBXGroup;
			children = (
				84C0683F24802658008131FE /* HomeViewController.swift */,
				84C0684124802682008131FE /* HomeView.xib */,
			);
			path = Home;
			sourceTree = "<group>";
		};
		84C0684A2480531F008131FE /* Rewards */ = {
			isa = PBXGroup;
			children = (
				84C0684C24805364008131FE /* RewardsViewController.swift */,
				84C0685024805387008131FE /* RewardsView.xib */,
			);
			path = Rewards;
			sourceTree = "<group>";
		};
		84C0684B2480532B008131FE /* Bars */ = {
			isa = PBXGroup;
			children = (
				8412B2E02484455700EB3250 /* Bar Cell */,
				84C068582481830F008131FE /* Bar Details */,
				84C0684E24805374008131FE /* BarsViewController.swift */,
				84C068522480539E008131FE /* BarsView.xib */,
			);
			path = Bars;
			sourceTree = "<group>";
		};
		84C068582481830F008131FE /* Bar Details */ = {
			isa = PBXGroup;
			children = (
				84C0685424805899008131FE /* BarDetailsViewController.swift */,
				84C06856248058C3008131FE /* BarDetailsView.xib */,
			);
			path = "Bar Details";
			sourceTree = "<group>";
		};
		88C1A3F32BE3AEC65FD2A0F2 /* Frameworks */ = {
			isa = PBXGroup;
			children = (
				16E754E8D5B4DF2BC895B126 /* Pods_ShishaTime.framework */,
			);
			name = Frameworks;
			sourceTree = "<group>";
		};
		D04FB013624C387FE48282E4 /* Pods */ = {
			isa = PBXGroup;
			children = (
				32F8E208F53C97F7CF36DF86 /* Pods-ShishaTime.debug.xcconfig */,
				6C5D21D3374127D0D13ED80B /* Pods-ShishaTime.release.xcconfig */,
			);
			path = Pods;
			sourceTree = "<group>";
		};
/* End PBXGroup section */

/* Begin PBXNativeTarget section */
		84391812247F19E100E098E7 /* ShishaTime */ = {
			isa = PBXNativeTarget;
			buildConfigurationList = 84391827247F19E200E098E7 /* Build configuration list for PBXNativeTarget "ShishaTime" */;
			buildPhases = (
				F32690E0B911ABB68160A797 /* [CP] Check Pods Manifest.lock */,
				8439180F247F19E100E098E7 /* Sources */,
				84391810247F19E100E098E7 /* Frameworks */,
				84391811247F19E100E098E7 /* Resources */,
				B01767339F42D1FFEEEE3123 /* [CP] Embed Pods Frameworks */,
				D4454BD2F748E99EFF3C321E /* [CP] Copy Pods Resources */,
			);
			buildRules = (
			);
			dependencies = (
			);
			name = ShishaTime;
			productName = ShishaTime;
			productReference = 84391813247F19E100E098E7 /* ShishaTime.app */;
			productType = "com.apple.product-type.application";
		};
/* End PBXNativeTarget section */

/* Begin PBXProject section */
		8439180B247F19E100E098E7 /* Project object */ = {
			isa = PBXProject;
			attributes = {
				LastSwiftUpdateCheck = 1150;
				LastUpgradeCheck = 1150;
				ORGANIZATIONNAME = "Mehmed Tukulic";
				TargetAttributes = {
					84391812247F19E100E098E7 = {
						CreatedOnToolsVersion = 11.5;
					};
				};
			};
			buildConfigurationList = 8439180E247F19E100E098E7 /* Build configuration list for PBXProject "ShishaTime" */;
			compatibilityVersion = "Xcode 9.3";
			developmentRegion = en;
			hasScannedForEncodings = 0;
			knownRegions = (
				en,
				Base,
			);
			mainGroup = 8439180A247F19E100E098E7;
			productRefGroup = 84391814247F19E100E098E7 /* Products */;
			projectDirPath = "";
			projectRoot = "";
			targets = (
				84391812247F19E100E098E7 /* ShishaTime */,
			);
		};
/* End PBXProject section */

/* Begin PBXResourcesBuildPhase section */
		84391811247F19E100E098E7 /* Resources */ = {
			isa = PBXResourcesBuildPhase;
			buildActionMask = 2147483647;
			files = (
				84391823247F19E200E098E7 /* LaunchScreen.storyboard in Resources */,
				8412B2E4248445AD00EB3250 /* BarCellView.xib in Resources */,
				84C06857248058C3008131FE /* BarDetailsView.xib in Resources */,
				84C068532480539E008131FE /* BarsView.xib in Resources */,
				84C0685124805387008131FE /* RewardsView.xib in Resources */,
				84C0683E24802393008131FE /* Main.storyboard in Resources */,
				84391820247F19E200E098E7 /* Assets.xcassets in Resources */,
				8439182D247F1A6600E098E7 /* LoginView.xib in Resources */,
				84C0684224802682008131FE /* HomeView.xib in Resources */,
			);
			runOnlyForDeploymentPostprocessing = 0;
		};
/* End PBXResourcesBuildPhase section */

/* Begin PBXShellScriptBuildPhase section */
		B01767339F42D1FFEEEE3123 /* [CP] Embed Pods Frameworks */ = {
			isa = PBXShellScriptBuildPhase;
			buildActionMask = 2147483647;
			files = (
			);
			inputFileListPaths = (
				"${PODS_ROOT}/Target Support Files/Pods-ShishaTime/Pods-ShishaTime-frameworks-${CONFIGURATION}-input-files.xcfilelist",
			);
			name = "[CP] Embed Pods Frameworks";
			outputFileListPaths = (
				"${PODS_ROOT}/Target Support Files/Pods-ShishaTime/Pods-ShishaTime-frameworks-${CONFIGURATION}-output-files.xcfilelist",
			);
			runOnlyForDeploymentPostprocessing = 0;
			shellPath = /bin/sh;
			shellScript = "\"${PODS_ROOT}/Target Support Files/Pods-ShishaTime/Pods-ShishaTime-frameworks.sh\"\n";
			showEnvVarsInLog = 0;
		};
		D4454BD2F748E99EFF3C321E /* [CP] Copy Pods Resources */ = {
			isa = PBXShellScriptBuildPhase;
			buildActionMask = 2147483647;
			files = (
			);
			inputFileListPaths = (
				"${PODS_ROOT}/Target Support Files/Pods-ShishaTime/Pods-ShishaTime-resources-${CONFIGURATION}-input-files.xcfilelist",
			);
			name = "[CP] Copy Pods Resources";
			outputFileListPaths = (
				"${PODS_ROOT}/Target Support Files/Pods-ShishaTime/Pods-ShishaTime-resources-${CONFIGURATION}-output-files.xcfilelist",
			);
			runOnlyForDeploymentPostprocessing = 0;
			shellPath = /bin/sh;
			shellScript = "\"${PODS_ROOT}/Target Support Files/Pods-ShishaTime/Pods-ShishaTime-resources.sh\"\n";
			showEnvVarsInLog = 0;
		};
		F32690E0B911ABB68160A797 /* [CP] Check Pods Manifest.lock */ = {
			isa = PBXShellScriptBuildPhase;
			buildActionMask = 2147483647;
			files = (
			);
			inputFileListPaths = (
			);
			inputPaths = (
				"${PODS_PODFILE_DIR_PATH}/Podfile.lock",
				"${PODS_ROOT}/Manifest.lock",
			);
			name = "[CP] Check Pods Manifest.lock";
			outputFileListPaths = (
			);
			outputPaths = (
				"$(DERIVED_FILE_DIR)/Pods-ShishaTime-checkManifestLockResult.txt",
			);
			runOnlyForDeploymentPostprocessing = 0;
			shellPath = /bin/sh;
			shellScript = "diff \"${PODS_PODFILE_DIR_PATH}/Podfile.lock\" \"${PODS_ROOT}/Manifest.lock\" > /dev/null\nif [ $? != 0 ] ; then\n    # print error to STDERR\n    echo \"error: The sandbox is not in sync with the Podfile.lock. Run 'pod install' or update your CocoaPods installation.\" >&2\n    exit 1\nfi\n# This output is used by Xcode 'outputs' to avoid re-running this script phase.\necho \"SUCCESS\" > \"${SCRIPT_OUTPUT_FILE_0}\"\n";
			showEnvVarsInLog = 0;
		};
/* End PBXShellScriptBuildPhase section */

/* Begin PBXSourcesBuildPhase section */
		8439180F247F19E100E098E7 /* Sources */ = {
			isa = PBXSourcesBuildPhase;
			buildActionMask = 2147483647;
			files = (
				84C0684024802658008131FE /* HomeViewController.swift in Sources */,
				8412B2E22484457100EB3250 /* BarCell.swift in Sources */,
				842D0675248BDFDE00760FBB /* GoogleSignInManager.swift in Sources */,
				84C0684D24805364008131FE /* RewardsViewController.swift in Sources */,
				84C0684F24805374008131FE /* BarsViewController.swift in Sources */,
				8439182B247F1A4500E098E7 /* LoginViewController.swift in Sources */,
				84C0684924804E38008131FE /* MainTabController.swift in Sources */,
				84C0685524805899008131FE /* BarDetailsViewController.swift in Sources */,
				8439181B247F19E100E098E7 /* ViewController.swift in Sources */,
				84391817247F19E100E098E7 /* AppDelegate.swift in Sources */,
				84391819247F19E100E098E7 /* SceneDelegate.swift in Sources */,
			);
			runOnlyForDeploymentPostprocessing = 0;
		};
/* End PBXSourcesBuildPhase section */

/* Begin PBXVariantGroup section */
		84391821247F19E200E098E7 /* LaunchScreen.storyboard */ = {
			isa = PBXVariantGroup;
			children = (
				84391822247F19E200E098E7 /* Base */,
			);
			name = LaunchScreen.storyboard;
			sourceTree = "<group>";
		};
/* End PBXVariantGroup section */

/* Begin XCBuildConfiguration section */
		84391825247F19E200E098E7 /* Debug */ = {
			isa = XCBuildConfiguration;
			buildSettings = {
				ALWAYS_SEARCH_USER_PATHS = NO;
				CLANG_ANALYZER_NONNULL = YES;
				CLANG_ANALYZER_NUMBER_OBJECT_CONVERSION = YES_AGGRESSIVE;
				CLANG_CXX_LANGUAGE_STANDARD = "gnu++14";
				CLANG_CXX_LIBRARY = "libc++";
				CLANG_ENABLE_MODULES = YES;
				CLANG_ENABLE_OBJC_ARC = YES;
				CLANG_ENABLE_OBJC_WEAK = YES;
				CLANG_WARN_BLOCK_CAPTURE_AUTORELEASING = YES;
				CLANG_WARN_BOOL_CONVERSION = YES;
				CLANG_WARN_COMMA = YES;
				CLANG_WARN_CONSTANT_CONVERSION = YES;
				CLANG_WARN_DEPRECATED_OBJC_IMPLEMENTATIONS = YES;
				CLANG_WARN_DIRECT_OBJC_ISA_USAGE = YES_ERROR;
				CLANG_WARN_DOCUMENTATION_COMMENTS = YES;
				CLANG_WARN_EMPTY_BODY = YES;
				CLANG_WARN_ENUM_CONVERSION = YES;
				CLANG_WARN_INFINITE_RECURSION = YES;
				CLANG_WARN_INT_CONVERSION = YES;
				CLANG_WARN_NON_LITERAL_NULL_CONVERSION = YES;
				CLANG_WARN_OBJC_IMPLICIT_RETAIN_SELF = YES;
				CLANG_WARN_OBJC_LITERAL_CONVERSION = YES;
				CLANG_WARN_OBJC_ROOT_CLASS = YES_ERROR;
				CLANG_WARN_RANGE_LOOP_ANALYSIS = YES;
				CLANG_WARN_STRICT_PROTOTYPES = YES;
				CLANG_WARN_SUSPICIOUS_MOVE = YES;
				CLANG_WARN_UNGUARDED_AVAILABILITY = YES_AGGRESSIVE;
				CLANG_WARN_UNREACHABLE_CODE = YES;
				CLANG_WARN__DUPLICATE_METHOD_MATCH = YES;
				COPY_PHASE_STRIP = NO;
				DEBUG_INFORMATION_FORMAT = dwarf;
				ENABLE_STRICT_OBJC_MSGSEND = YES;
				ENABLE_TESTABILITY = YES;
				GCC_C_LANGUAGE_STANDARD = gnu11;
				GCC_DYNAMIC_NO_PIC = NO;
				GCC_NO_COMMON_BLOCKS = YES;
				GCC_OPTIMIZATION_LEVEL = 0;
				GCC_PREPROCESSOR_DEFINITIONS = (
					"DEBUG=1",
					"$(inherited)",
				);
				GCC_WARN_64_TO_32_BIT_CONVERSION = YES;
				GCC_WARN_ABOUT_RETURN_TYPE = YES_ERROR;
				GCC_WARN_UNDECLARED_SELECTOR = YES;
				GCC_WARN_UNINITIALIZED_AUTOS = YES_AGGRESSIVE;
				GCC_WARN_UNUSED_FUNCTION = YES;
				GCC_WARN_UNUSED_VARIABLE = YES;
				IPHONEOS_DEPLOYMENT_TARGET = 13.5;
				MTL_ENABLE_DEBUG_INFO = INCLUDE_SOURCE;
				MTL_FAST_MATH = YES;
				ONLY_ACTIVE_ARCH = YES;
				SDKROOT = iphoneos;
				SWIFT_ACTIVE_COMPILATION_CONDITIONS = DEBUG;
				SWIFT_OPTIMIZATION_LEVEL = "-Onone";
			};
			name = Debug;
		};
		84391826247F19E200E098E7 /* Release */ = {
			isa = XCBuildConfiguration;
			buildSettings = {
				ALWAYS_SEARCH_USER_PATHS = NO;
				CLANG_ANALYZER_NONNULL = YES;
				CLANG_ANALYZER_NUMBER_OBJECT_CONVERSION = YES_AGGRESSIVE;
				CLANG_CXX_LANGUAGE_STANDARD = "gnu++14";
				CLANG_CXX_LIBRARY = "libc++";
				CLANG_ENABLE_MODULES = YES;
				CLANG_ENABLE_OBJC_ARC = YES;
				CLANG_ENABLE_OBJC_WEAK = YES;
				CLANG_WARN_BLOCK_CAPTURE_AUTORELEASING = YES;
				CLANG_WARN_BOOL_CONVERSION = YES;
				CLANG_WARN_COMMA = YES;
				CLANG_WARN_CONSTANT_CONVERSION = YES;
				CLANG_WARN_DEPRECATED_OBJC_IMPLEMENTATIONS = YES;
				CLANG_WARN_DIRECT_OBJC_ISA_USAGE = YES_ERROR;
				CLANG_WARN_DOCUMENTATION_COMMENTS = YES;
				CLANG_WARN_EMPTY_BODY = YES;
				CLANG_WARN_ENUM_CONVERSION = YES;
				CLANG_WARN_INFINITE_RECURSION = YES;
				CLANG_WARN_INT_CONVERSION = YES;
				CLANG_WARN_NON_LITERAL_NULL_CONVERSION = YES;
				CLANG_WARN_OBJC_IMPLICIT_RETAIN_SELF = YES;
				CLANG_WARN_OBJC_LITERAL_CONVERSION = YES;
				CLANG_WARN_OBJC_ROOT_CLASS = YES_ERROR;
				CLANG_WARN_RANGE_LOOP_ANALYSIS = YES;
				CLANG_WARN_STRICT_PROTOTYPES = YES;
				CLANG_WARN_SUSPICIOUS_MOVE = YES;
				CLANG_WARN_UNGUARDED_AVAILABILITY = YES_AGGRESSIVE;
				CLANG_WARN_UNREACHABLE_CODE = YES;
				CLANG_WARN__DUPLICATE_METHOD_MATCH = YES;
				COPY_PHASE_STRIP = NO;
				DEBUG_INFORMATION_FORMAT = "dwarf-with-dsym";
				ENABLE_NS_ASSERTIONS = NO;
				ENABLE_STRICT_OBJC_MSGSEND = YES;
				GCC_C_LANGUAGE_STANDARD = gnu11;
				GCC_NO_COMMON_BLOCKS = YES;
				GCC_WARN_64_TO_32_BIT_CONVERSION = YES;
				GCC_WARN_ABOUT_RETURN_TYPE = YES_ERROR;
				GCC_WARN_UNDECLARED_SELECTOR = YES;
				GCC_WARN_UNINITIALIZED_AUTOS = YES_AGGRESSIVE;
				GCC_WARN_UNUSED_FUNCTION = YES;
				GCC_WARN_UNUSED_VARIABLE = YES;
				IPHONEOS_DEPLOYMENT_TARGET = 13.5;
				MTL_ENABLE_DEBUG_INFO = NO;
				MTL_FAST_MATH = YES;
				SDKROOT = iphoneos;
				SWIFT_COMPILATION_MODE = wholemodule;
				SWIFT_OPTIMIZATION_LEVEL = "-O";
				VALIDATE_PRODUCT = YES;
			};
			name = Release;
		};
		84391828247F19E200E098E7 /* Debug */ = {
			isa = XCBuildConfiguration;
			baseConfigurationReference = 32F8E208F53C97F7CF36DF86 /* Pods-ShishaTime.debug.xcconfig */;
			buildSettings = {
				ASSETCATALOG_COMPILER_APPICON_NAME = AppIcon;
				CODE_SIGN_STYLE = Automatic;
				DEVELOPMENT_TEAM = RHNV3HY5FU;
				INFOPLIST_FILE = ShishaTime/Info.plist;
				LD_RUNPATH_SEARCH_PATHS = (
					"$(inherited)",
					"@executable_path/Frameworks",
				);
				PRODUCT_BUNDLE_IDENTIFIER = mehmed.tukulic.shisha.ShishaTime;
				PRODUCT_NAME = "$(TARGET_NAME)";
				SWIFT_VERSION = 5.0;
				TARGETED_DEVICE_FAMILY = "1,2";
			};
			name = Debug;
		};
		84391829247F19E200E098E7 /* Release */ = {
			isa = XCBuildConfiguration;
			baseConfigurationReference = 6C5D21D3374127D0D13ED80B /* Pods-ShishaTime.release.xcconfig */;
			buildSettings = {
				ASSETCATALOG_COMPILER_APPICON_NAME = AppIcon;
				CODE_SIGN_STYLE = Automatic;
				DEVELOPMENT_TEAM = RHNV3HY5FU;
				INFOPLIST_FILE = ShishaTime/Info.plist;
				LD_RUNPATH_SEARCH_PATHS = (
					"$(inherited)",
					"@executable_path/Frameworks",
				);
				PRODUCT_BUNDLE_IDENTIFIER = mehmed.tukulic.shisha.ShishaTime;
				PRODUCT_NAME = "$(TARGET_NAME)";
				SWIFT_VERSION = 5.0;
				TARGETED_DEVICE_FAMILY = "1,2";
			};
			name = Release;
		};
/* End XCBuildConfiguration section */

/* Begin XCConfigurationList section */
		8439180E247F19E100E098E7 /* Build configuration list for PBXProject "ShishaTime" */ = {
			isa = XCConfigurationList;
			buildConfigurations = (
				84391825247F19E200E098E7 /* Debug */,
				84391826247F19E200E098E7 /* Release */,
			);
			defaultConfigurationIsVisible = 0;
			defaultConfigurationName = Release;
		};
		84391827247F19E200E098E7 /* Build configuration list for PBXNativeTarget "ShishaTime" */ = {
			isa = XCConfigurationList;
			buildConfigurations = (
				84391828247F19E200E098E7 /* Debug */,
				84391829247F19E200E098E7 /* Release */,
			);
			defaultConfigurationIsVisible = 0;
			defaultConfigurationName = Release;
		};
/* End XCConfigurationList section */
	};
	rootObject = 8439180B247F19E100E098E7 /* Project object */;
}
